
Microsoft Visual Studio Solution File, Format Version 12.00
# Visual Studio Version 17
VisualStudioVersion = 17.4.33122.133
MinimumVisualStudioVersion = 10.0.40219.1
Project("{FAE04EC0-301F-11D3-BF4B-00C04F79EFBC}") = "NotTakipAPP", "NotTakipAPP\NotTakipAPP.csproj", "{022A4536-7841-4E16-A607-4C6D1E2AE8CB}"
EndProject
Global
	GlobalSection(SolutionConfigurationPlatforms) = preSolution
		Debug|Any CPU = Debug|Any CPU
		Release|Any CPU = Release|Any CPU
	EndGlobalSection
	GlobalSection(ProjectConfigurationPlatforms) = postSolution
		{022A4536-7841-4E16-A607-4C6D1E2AE8CB}.Debug|Any CPU.ActiveCfg = Debug|Any CPU
		{022A4536-7841-4E16-A607-4C6D1E2AE8CB}.Debug|Any CPU.Build.0 = Debug|Any CPU
		{022A4536-7841-4E16-A607-4C6D1E2AE8CB}.Release|Any CPU.ActiveCfg = Release|Any CPU
		{022A4536-7841-4E16-A607-4C6D1E2AE8CB}.Release|Any CPU.Build.0 = Release|Any CPU
	EndGlobalSection
	GlobalSection(SolutionProperties) = preSolution
		HideSolutionNode = FALSE
	EndGlobalSection
	GlobalSection(ExtensibilityGlobals) = postSolution
		SolutionGuid = {0FB032DE-B71E-42C4-BD2C-41DEF77D9F32}
	EndGlobalSection
EndGlobal
